	<Project xmlns="http://schemas.microsoft.com/developer/msbuild/2003">
		<PropertyGroup>
			<ProjectGuid>{A145DD5F-BD3E-44D2-B111-4E9465155D85}</ProjectGuid>
			<ProjectVersion>13.4</ProjectVersion>
			<FrameworkType>VCL</FrameworkType>
			<MainSource>Trabalhando_XML_Delphi.dpr</MainSource>
			<Base>True</Base>
			<Config Condition="'$(Config)'==''">Debug</Config>
			<Platform Condition="'$(Platform)'==''">Win32</Platform>
			<TargetedPlatforms>1</TargetedPlatforms>
			<AppType>Application</AppType>
		</PropertyGroup>
		<PropertyGroup Condition="'$(Config)'=='Base' or '$(Base)'!=''">
			<Base>true</Base>
		</PropertyGroup>
		<PropertyGroup Condition="('$(Platform)'=='Win64' and '$(Base)'=='true') or '$(Base_Win64)'!=''">
			<Base_Win64>true</Base_Win64>
			<CfgParent>Base</CfgParent>
			<Base>true</Base>
		</PropertyGroup>
		<PropertyGroup Condition="('$(Platform)'=='Win32' and '$(Base)'=='true') or '$(Base_Win32)'!=''">
			<Base_Win32>true</Base_Win32>
			<CfgParent>Base</CfgParent>
			<Base>true</Base>
		</PropertyGroup>
		<PropertyGroup Condition="'$(Config)'=='Debug' or '$(Cfg_1)'!=''">
			<Cfg_1>true</Cfg_1>
			<CfgParent>Base</CfgParent>
			<Base>true</Base>
		</PropertyGroup>
		<PropertyGroup Condition="('$(Platform)'=='Win32' and '$(Cfg_1)'=='true') or '$(Cfg_1_Win32)'!=''">
			<Cfg_1_Win32>true</Cfg_1_Win32>
			<CfgParent>Cfg_1</CfgParent>
			<Cfg_1>true</Cfg_1>
			<Base>true</Base>
		</PropertyGroup>
		<PropertyGroup Condition="'$(Config)'=='Release' or '$(Cfg_2)'!=''">
			<Cfg_2>true</Cfg_2>
			<CfgParent>Base</CfgParent>
			<Base>true</Base>
		</PropertyGroup>
		<PropertyGroup Condition="'$(Base)'!=''">
			<DCC_Namespace>System;Xml;Data;Datasnap;Web;Soap;Vcl;Vcl.Imaging;Vcl.Touch;Vcl.Samples;Vcl.Shell;$(DCC_Namespace)</DCC_Namespace>
			<Icon_MainIcon>$(BDS)\bin\delphi_PROJECTICON.ico</Icon_MainIcon>
			<DCC_UsePackage>DBXInterBaseDriver;DataSnapServer;DataSnapCommon;DbxCommonDriver;dbxcds;CustomIPTransport;dsnap;IndyCore;IPIndyImpl;bindcompfmx;dbrtl;bindcomp;inetdb;xmlrtl;ibxpress;soaprtl;bindengine;DBXInformixDriver;DBXFirebirdDriver;inet;DBXSybaseASADriver;dbexpress;fmx;IndySystem;DataSnapClient;DataSnapProviderClient;DBXOracleDriver;fmxase;inetdbxpress;rtl;DbxClientDriver;IndyProtocols;DBXMySQLDriver;fmxobj;fmxdae;DataSnapIndy10ServerTransport;$(DCC_UsePackage)</DCC_UsePackage>
			<DCC_DcuOutput>.\$(Platform)\$(Config)</DCC_DcuOutput>
			<DCC_ExeOutput>.\$(Platform)\$(Config)</DCC_ExeOutput>
		</PropertyGroup>
		<PropertyGroup Condition="'$(Base_Win64)'!=''">
			<DCC_UsePackage>dxTileControlRS16;cxLibraryRS16;dxSkinSevenRS16;dxPsPrVwAdvRS16;dxRibbonCustomizationFormRS16;dxPSCoreRS16;dxSkinSummer2008RS16;dxPScxGridLnkRS16;dxPScxTLLnkRS16;dxPSdxSpreadSheetLnkRS16;cxPageControlRS16;dxSkinVS2010RS16;vclimg;dxSkinDevExpressStyleRS16;dxSkinWhiteprintRS16;dxComnRS16;vcldb;dxSkinBlackRS16;dxADOServerModeRS16;dxBarExtDBItemsRS16;dxSkinXmas2008BlueRS16;dxSkinOffice2007BlueRS16;dxSkinOffice2007GreenRS16;cxDataRS16;dxSkinMetropolisRS16;dxDockingRS16;dxPSDBTeeChartRS16;dxPSLnksRS16;dxBarExtItemsRS16;dxPSTeeChartRS16;dxPSdxLCLnkRS16;cxVerticalGridRS16;dxSkinSharpRS16;vacommPkgDXE2;dxorgcRS16;dxSkinOffice2007BlackRS16;dxSkinBlueprintRS16;dxWizardControlRS16;dxPScxExtCommonRS16;dxNavBarRS16;cxSchedulerTreeBrowserRS16;DBXOdbcDriver;dxdbtrRS16;dxSkinFoggyRS16;dxSkinDarkSideRS16;dxSkinscxPCPainterRS16;dxPSdxDBTVLnkRS16;vclactnband;dxPScxSchedulerLnkRS16;dxServerModeRS16;bindcompvcl;vclie;dxSkinSilverRS16;dsnapcon;dxHttpIndyRequestRS16;dxSkinOffice2013WhiteRS16;dxSkinLilianRS16;vclx;dxSkinValentineRS16;dxFlowChartRS16;dxGDIPlusRS16;dxSkinSharpPlusRS16;dxdborRS16;dxSkinVisualStudio2013LightRS16;dxPScxVGridLnkRS16;office2K;dxLayoutControlRS16;dxSpreadSheetRS16;dxPScxPivotGridLnkRS16;dxCoreRS16;cxExportRS16;dxBarRS16;dxSkinsdxNavBarPainterRS16;dxSkinOffice2016DarkRS16;dxSkinCoffeeRS16;cxTreeListdxBarPopupMenuRS16;TeeDB;dxDBXServerModeRS16;dxPSdxGaugeControlLnkRS16;vclib;dxSkinOffice2013DarkGrayRS16;dxRibbonRS16;DBXSybaseASEDriver;cxTreeListRS16;dxSkinOffice2016ColorfulRS16;dxSkinOffice2007SilverRS16;dxSkinsdxRibbonPainterRS16;vcldsnap;dxGaugeControlRS16;DBXDb2Driver;vcwdXE2;dxSkinBlueRS16;dxSkinDarkRoomRS16;dxSkinscxSchedulerPainterRS16;vcl;dxSkinDevExpressDarkStyleRS16;DBXMSSQLDriver;dxSkinVisualStudio2013BlueRS16;cxSchedulerGridRS16;webdsnap;dxtrmdRS16;dxSkinsdxDLPainterRS16;dxSkinTheAsphaltWorldRS16;dxSkinOffice2010BlackRS16;dxSkinMoneyTwinsRS16;dxSkinPumpkinRS16;adortl;dxRichEditControlRS16;dxSkinHighContrastRS16;dxSkinOffice2013LightGrayRS16;dxSkiniMaginaryRS16;dxSkinLondonLiquidSkyRS16;dxPSdxDBOCLnkRS16;dxSkinsdxBarPainterRS16;Tee;dxSkinGlassOceansRS16;dxSkinLiquidSkyRS16;dxSkinsCoreRS16;cxPivotGridChartRS16;dxPScxCommonRS16;dxmdsRS16;dxPSPrVwRibbonRS16;dxSpellCheckerRS16;cxGridRS16;dxMapControlRS16;cxEditorsRS16;TeeUI;cxPivotGridRS16;dxSkinSevenClassicRS16;cxSchedulerRibbonStyleEventEditorRS16;cxSchedulerRS16;vcltouch;dxSkinOffice2010SilverRS16;websnap;dxSkinOffice2007PinkRS16;VclSmp;dxSkinSpringTimeRS16;dxTabbedMDIRS16;dxPSRichEditControlLnkRS16;DataSnapConnectors;dxSkinVisualStudio2013DarkRS16;dxSkinStardustRS16;dxSkinMetropolisDarkRS16;dxPSdxOCLnkRS16;dxSkinOffice2010BlueRS16;dxPSdxFCLnkRS16;dxThemeRS16;dxPScxPCProdRS16;dxSkinCaramelRS16;dxSkinMcSkinRS16;dxBarDBNavRS16;$(DCC_UsePackage)</DCC_UsePackage>
		</PropertyGroup>
		<PropertyGroup Condition="'$(Base_Win32)'!=''">
			<DCC_UsePackage>dxTileControlRS16;fsADO16;TMSWebGMapsPkgDXE2;spdNFCe_DXE2;cxLibraryRS16;dxSkinSevenRS16;advchartdedXE2;ACBr_BoletoRL;ACBr_GNRE;dxPsPrVwAdvRS16;dxRibbonCustomizationFormRS16;dxPSCoreRS16;dxSkinSummer2008RS16;dxPScxGridLnkRS16;dxPScxTLLnkRS16;dxPSdxSpreadSheetLnkRS16;frxBDE16;cxPageControlRS16;ACBr_synapse;ACBre_Social;ACBr_BlocoX;fsIBX16;dxSkinVS2010RS16;vclimg;dxSkinDevExpressStyleRS16;dxSkinWhiteprintRS16;fmi;TMSWebOSMapsPkgDXE2;dxComnRS16;ACBr_Comum;vcldb;dxSkinBlackRS16;dxADOServerModeRS16;dxBarExtDBItemsRS16;ACBr_MDFeDamdfeRL;ACBr_SATExtratoESCPOS;dxSkinXmas2008BlueRS16;ACBr_MDFe;dxSkinOffice2007BlueRS16;spdGov16_DXE2;CloudService;dxSkinOffice2007GreenRS16;FmxTeeUI;cxDataRS16;dxSkinMetropolisRS16;dxDockingRS16;dxPSDBTeeChartRS16;tmsexdxe2;ACBr_SAT;dxPSLnksRS16;dxBarExtItemsRS16;spdGov_DXE2;ACBr_Ponto;ACBR_DeSTDA;dxPSTeeChartRS16;dxPSdxLCLnkRS16;cxVerticalGridRS16;dxSkinSharpRS16;vacommPkgDXE2;dxorgcRS16;dxSkinOffice2007BlackRS16;ACBr_SEF2;dxSkinBlueprintRS16;dxWizardControlRS16;dxPScxExtCommonRS16;ACBr_PAF;vcldbx;dxNavBarRS16;cxSchedulerTreeBrowserRS16;advchartdxe2;ACBr_NFe;DBXOdbcDriver;dxdbtrRS16;dxSkinFoggyRS16;fsBDE16;dxSkinDarkSideRS16;intrawebdb_120_160;frxDB16;dxSkinscxPCPainterRS16;dxPSdxDBTVLnkRS16;vclactnband;FMXTee;dxPScxSchedulerLnkRS16;dxServerModeRS16;bindcompvcl;fs16;ACBr_BPe;ACBr_CTeDacteRL;vclie;spdNotaSegura_DXE2;ACBr_TEFD;ACBr_Integrador;dxSkinSilverRS16;dsnapcon;dxHttpIndyRequestRS16;dxSkinOffice2013WhiteRS16;dxSkinLilianRS16;vclx;ACBr_SPEDImportar;dxSkinValentineRS16;dxFlowChartRS16;frxIBX16;dxGDIPlusRS16;dxSkinSharpPlusRS16;dxdborRS16;dxSkinVisualStudio2013LightRS16;ACBr_Convenio115;dxPScxVGridLnkRS16;office2K;dxLayoutControlRS16;dxSpreadSheetRS16;dxPScxPivotGridLnkRS16;dxCoreRS16;cxExportRS16;dxBarRS16;dxSkinsdxNavBarPainterRS16;dxSkinOffice2016DarkRS16;dxSkinCoffeeRS16;cxTreeListdxBarPopupMenuRS16;TeeDB;dxDBXServerModeRS16;dxPSdxGaugeControlLnkRS16;ACBr_Diversos;frxTee16;vclib;inetdbbde;dxSkinOffice2013DarkGrayRS16;Rave100VCL;ACBr_NFeDanfeESCPOS;dxRibbonRS16;DBXSybaseASEDriver;cxTreeListRS16;dxSkinOffice2016ColorfulRS16;dxSkinOffice2007SilverRS16;dxSkinsdxRibbonPainterRS16;vcldsnap;dxGaugeControlRS16;DBXDb2Driver;Intraweb_120_160;vcwdXE2;dxSkinBlueRS16;frce;frxADO16;vclribbon;dxSkinDarkRoomRS16;frxe16;ACBr_Serial;dxSkinscxSchedulerPainterRS16;ACBr_SPED;vcl;dxSkinDevExpressDarkStyleRS16;ACBr_DFeComum;ACBr_NFSeDanfseRL;DBXMSSQLDriver;CodeSiteExpressPkg;ACBr_Boleto;fsTee16;ACBr_Sintegra;dxSkinVisualStudio2013BlueRS16;tmsdxe2;cxSchedulerGridRS16;webdsnap;dxtrmdRS16;dxSkinsdxDLPainterRS16;dxSkinTheAsphaltWorldRS16;ACBr_NFSe;vcwdedxe2;dxSkinOffice2010BlackRS16;dxSkinMoneyTwinsRS16;ACBr_LFD;ACBr_PCNComum;dxSkinPumpkinRS16;adortl;dxRichEditControlRS16;ACBr_TCP;dxSkinHighContrastRS16;frxDBX16;dxSkinOffice2013LightGrayRS16;VACommpkgDEDXE2;dxSkiniMaginaryRS16;frx16;dxSkinLondonLiquidSkyRS16;dxPSdxDBOCLnkRS16;dxSkinsdxBarPainterRS16;ACBr_MTER;Tee;dxSkinGlassOceansRS16;dxSkinLiquidSkyRS16;ACBr_CTe;ACBr_ANe;dxSkinsCoreRS16;ACBr_NFCeECFVirtual;svnui;cxPivotGridChartRS16;dxPScxCommonRS16;dxmdsRS16;dxPSPrVwRibbonRS16;dxSpellCheckerRS16;cxGridRS16;dxMapControlRS16;ACBr_NFeDanfeRL;cxEditorsRS16;TeeUI;cxPivotGridRS16;dxSkinSevenClassicRS16;ExtendedComponents;cxSchedulerRibbonStyleEventEditorRS16;cxSchedulerRS16;TMSWebOSMapsPkgDEDXE2;tmsxlsdxe2;vcltouch;dxSkinOffice2010SilverRS16;ACBr_OpenSSL;websnap;dxSkinOffice2007PinkRS16;ACBr_Reinf;PngComponents;ACBr_SATWS;VclSmp;dxSkinSpringTimeRS16;dxTabbedMDIRS16;dxPSRichEditControlLnkRS16;fsDB16;DataSnapConnectors;dxSkinVisualStudio2013DarkRS16;dxSkinStardustRS16;dxSkinMetropolisDarkRS16;dxPSdxOCLnkRS16;dxSkinOffice2010BlueRS16;ACBr_TXTComum;ACBr_SATECFVirtual;dxPSdxFCLnkRS16;dxThemeRS16;dxPScxPCProdRS16;tmswizdxe2;svn;dxSkinCaramelRS16;bdertl;dxSkinMcSkinRS16;dxBarDBNavRS16;$(DCC_UsePackage)</DCC_UsePackage>
			<VerInfo_IncludeVerInfo>true</VerInfo_IncludeVerInfo>
			<DCC_Namespace>Winapi;System.Win;Data.Win;Datasnap.Win;Web.Win;Soap.Win;Xml.Win;Bde;$(DCC_Namespace)</DCC_Namespace>
			<VerInfo_Locale>1033</VerInfo_Locale>
			<Manifest_File>$(BDS)\bin\default_app.manifest</Manifest_File>
			<VerInfo_Keys>CompanyName=;FileDescription=;FileVersion=1.0.0.0;InternalName=;LegalCopyright=;LegalTrademarks=;OriginalFilename=;ProductName=;ProductVersion=1.0.0.0;Comments=</VerInfo_Keys>
		</PropertyGroup>
		<PropertyGroup Condition="'$(Cfg_1)'!=''">
			<DCC_Define>DEBUG;$(DCC_Define)</DCC_Define>
			<DCC_Optimize>false</DCC_Optimize>
			<DCC_GenerateStackFrames>true</DCC_GenerateStackFrames>
			<DCC_DebugInfoInExe>true</DCC_DebugInfoInExe>
			<DCC_RemoteDebug>true</DCC_RemoteDebug>
		</PropertyGroup>
		<PropertyGroup Condition="'$(Cfg_1_Win32)'!=''">
			<VerInfo_IncludeVerInfo>true</VerInfo_IncludeVerInfo>
			<VerInfo_Locale>1033</VerInfo_Locale>
			<DCC_RemoteDebug>false</DCC_RemoteDebug>
		</PropertyGroup>
		<PropertyGroup Condition="'$(Cfg_2)'!=''">
			<DCC_LocalDebugSymbols>false</DCC_LocalDebugSymbols>
			<DCC_Define>RELEASE;$(DCC_Define)</DCC_Define>
			<DCC_SymbolReferenceInfo>0</DCC_SymbolReferenceInfo>
			<DCC_DebugInformation>false</DCC_DebugInformation>
		</PropertyGroup>
		<ItemGroup>
			<DelphiCompile Include="$(MainSource)">
				<MainSource>MainSource</MainSource>
			</DelphiCompile>
			<DCCReference Include="uFrmEscreverXML.pas">
				<Form>FrmEscreverXML</Form>
				<FormType>dfm</FormType>
			</DCCReference>
			<DCCReference Include="uFrmLerXML.pas">
				<Form>frmLerXML</Form>
				<FormType>dfm</FormType>
			</DCCReference>
			<DCCReference Include="Model\uCliente.pas"/>
			<DCCReference Include="uClienteTelefone.pas"/>
			<BuildConfiguration Include="Release">
				<Key>Cfg_2</Key>
				<CfgParent>Base</CfgParent>
			</BuildConfiguration>
			<BuildConfiguration Include="Base">
				<Key>Base</Key>
			</BuildConfiguration>
			<BuildConfiguration Include="Debug">
				<Key>Cfg_1</Key>
				<CfgParent>Base</CfgParent>
			</BuildConfiguration>
		</ItemGroup>
		<ProjectExtensions>
			<Borland.Personality>Delphi.Personality.12</Borland.Personality>
			<Borland.ProjectType/>
			<BorlandProject>
				<Delphi.Personality>
					<VersionInfo>
						<VersionInfo Name="IncludeVerInfo">False</VersionInfo>
						<VersionInfo Name="AutoIncBuild">False</VersionInfo>
						<VersionInfo Name="MajorVer">1</VersionInfo>
						<VersionInfo Name="MinorVer">0</VersionInfo>
						<VersionInfo Name="Release">0</VersionInfo>
						<VersionInfo Name="Build">0</VersionInfo>
						<VersionInfo Name="Debug">False</VersionInfo>
						<VersionInfo Name="PreRelease">False</VersionInfo>
						<VersionInfo Name="Special">False</VersionInfo>
						<VersionInfo Name="Private">False</VersionInfo>
						<VersionInfo Name="DLL">False</VersionInfo>
						<VersionInfo Name="Locale">1046</VersionInfo>
						<VersionInfo Name="CodePage">1252</VersionInfo>
					</VersionInfo>
					<VersionInfoKeys>
						<VersionInfoKeys Name="CompanyName"/>
						<VersionInfoKeys Name="FileDescription"/>
						<VersionInfoKeys Name="FileVersion">1.0.0.0</VersionInfoKeys>
						<VersionInfoKeys Name="InternalName"/>
						<VersionInfoKeys Name="LegalCopyright"/>
						<VersionInfoKeys Name="LegalTrademarks"/>
						<VersionInfoKeys Name="OriginalFilename"/>
						<VersionInfoKeys Name="ProductName"/>
						<VersionInfoKeys Name="ProductVersion">1.0.0.0</VersionInfoKeys>
						<VersionInfoKeys Name="Comments"/>
					</VersionInfoKeys>
					<Excluded_Packages>
						<Excluded_Packages Name="C:\Users\Public\Documents\RAD Studio\9.0\Bpl\dclcxPivotGridOLAPRS16.bpl">ExpressPivotGrid OLAP by Developer Express Inc.</Excluded_Packages>
						<Excluded_Packages Name="C:\Users\Public\Documents\RAD Studio\9.0\Bpl\TMSWebGMapsPkgDEDXE2.bpl">(untitled)</Excluded_Packages>
						<Excluded_Packages Name="C:\Users\Public\Documents\RAD Studio\9.0\Bpl\TMSDeDXE2.bpl">TMS Component Pack design time support</Excluded_Packages>
						<Excluded_Packages Name="$(BDSBIN)\dclofficexp160.bpl">Microsoft Office XP Sample Automation Server Wrapper Components</Excluded_Packages>
					</Excluded_Packages>
					<Source>
						<Source Name="MainSource">Trabalhando_XML_Delphi.dpr</Source>
					</Source>
				</Delphi.Personality>
				<Deployment/>
				<Platforms>
					<Platform value="Win64">False</Platform>
					<Platform value="Win32">True</Platform>
				</Platforms>
			</BorlandProject>
			<ProjectFileVersion>12</ProjectFileVersion>
		</ProjectExtensions>
		<Import Condition="Exists('$(BDS)\Bin\CodeGear.Delphi.Targets')" Project="$(BDS)\Bin\CodeGear.Delphi.Targets"/>
		<Import Condition="Exists('$(APPDATA)\Embarcadero\$(BDSAPPDATABASEDIR)\$(PRODUCTVERSION)\UserTools.proj')" Project="$(APPDATA)\Embarcadero\$(BDSAPPDATABASEDIR)\$(PRODUCTVERSION)\UserTools.proj"/>
	</Project>
